
Microsoft Visual Studio Solution File, Format Version 12.00
# Visual Studio Version 17
VisualStudioVersion = 17.7.34018.315
MinimumVisualStudioVersion = 10.0.40219.1
Project("{9A19103F-16F7-4668-BE54-9A1E7A4F7556}") = "ProjetoNet6", "ProjetoNet6\ProjetoNet6.csproj", "{4B7E2257-EC5F-4901-9D5E-D6664A6655DD}"
EndProject
Project("{9A19103F-16F7-4668-BE54-9A1E7A4F7556}") = "TipoDeDados2", "TipoDeDados2\TipoDeDados2.csproj", "{A29B7AE0-E2F6-4F8E-A97A-4A96DD30D1FA}"
EndProject
Project("{9A19103F-16F7-4668-BE54-9A1E7A4F7556}") = "TiposDeDados3", "TiposDeDados3\TiposDeDados3.csproj", "{2AC0BA26-6EAE-4C5B-BB78-9402B8E681CA}"
EndProject
Project("{9A19103F-16F7-4668-BE54-9A1E7A4F7556}") = "TiposDeDados4", "TiposDeDados4\TiposDeDados4.csproj", "{6F3C8B20-C56F-436F-9B8E-FB63DAF03BE1}"
EndProject
Project("{9A19103F-16F7-4668-BE54-9A1E7A4F7556}") = "TipoDeDados5", "TipoDeDados5\TipoDeDados5.csproj", "{0959908E-A8AD-4CE7-A6C9-FAF0317DBD5C}"
EndProject
Project("{9A19103F-16F7-4668-BE54-9A1E7A4F7556}") = "NullableTypes1", "NullableTypes1\NullableTypes1.csproj", "{5A9C15F5-9BE4-4B8D-9384-4CC33CC6D58B}"
EndProject
Project("{9A19103F-16F7-4668-BE54-9A1E7A4F7556}") = "TiposDeReferenciaAnulaveis1", "TiposDeReferenciaAnulaveis1\TiposDeReferenciaAnulaveis1.csproj", "{5C1BC4C7-92BB-4ECF-B275-59B00BA71CD6}"
EndProject
Project("{9A19103F-16F7-4668-BE54-9A1E7A4F7556}") = "OperadorTernario", "OperadorTernario\OperadorTernario.csproj", "{6CB90D24-E6E8-474D-9A7F-448B8488ECD5}"
EndProject
Project("{9A19103F-16F7-4668-BE54-9A1E7A4F7556}") = "ClasseObjeto", "ClasseObjeto\ClasseObjeto.csproj", "{8C2F0816-E35C-483E-B3D4-1A7A715401A1}"
EndProject
Project("{9A19103F-16F7-4668-BE54-9A1E7A4F7556}") = "MetodosPOO", "MetodosPOO\MetodosPOO.csproj", "{E71B8AA1-52D6-4BCF-9072-307C09AC2EDA}"
EndProject
Project("{9A19103F-16F7-4668-BE54-9A1E7A4F7556}") = "Construtor1", "Construtor1\Construtor1.csproj", "{36C39747-EC26-437E-AD4D-D5D69F8A9B7C}"
EndProject
Project("{9A19103F-16F7-4668-BE54-9A1E7A4F7556}") = "Construtor 2", "Construtor 2\Construtor 2.csproj", "{BB616622-A7BC-4B13-B0B3-DEF11C5B3F7A}"
EndProject
Project("{9A19103F-16F7-4668-BE54-9A1E7A4F7556}") = "This", "This\This.csproj", "{73DE937D-A5F9-4922-9105-11F381A3C0DA}"
EndProject
Project("{9A19103F-16F7-4668-BE54-9A1E7A4F7556}") = "methodParameter", "methodParameter\methodParameter.csproj", "{F4139EE9-2A7E-4997-AAE5-39735130D1BA}"
EndProject
Project("{9A19103F-16F7-4668-BE54-9A1E7A4F7556}") = "MetodoSobreCarga", "MetodoSobreCarga\MetodoSobreCarga.csproj", "{7A0C202D-2EF9-497F-A207-231D34D778DF}"
EndProject
Project("{9A19103F-16F7-4668-BE54-9A1E7A4F7556}") = "ExercicioMethods", "ExercicioMethods\ExercicioMethods.csproj", "{9DD357A0-337D-4B7C-893C-82B643A8F11D}"
EndProject
Project("{9A19103F-16F7-4668-BE54-9A1E7A4F7556}") = "ArgumentoPorValor", "ArgumentoPorValor\ArgumentoPorValor.csproj", "{F1754592-1BF1-4B87-A623-91860DAD6398}"
EndProject
Project("{9A19103F-16F7-4668-BE54-9A1E7A4F7556}") = "ArgumentoPorRef", "ArgumentoPorRef\ArgumentoPorRef.csproj", "{73D981D3-97E7-482B-869E-12C78E92E2C0}"
EndProject
Project("{FAE04EC0-301F-11D3-BF4B-00C04F79EFBC}") = "ArgumentoPorOut", "ArgumentoPorOut\ArgumentoPorOut.csproj", "{08047B0E-DA7A-440C-AA48-04806D4D818F}"
EndProject
Project("{FAE04EC0-301F-11D3-BF4B-00C04F79EFBC}") = "Propriedades", "Propriedades\Propriedades.csproj", "{C52C5A81-2AF1-415B-94B1-58E6E719E1DE}"
EndProject
Global
	GlobalSection(SolutionConfigurationPlatforms) = preSolution
		Debug|Any CPU = Debug|Any CPU
		Release|Any CPU = Release|Any CPU
	EndGlobalSection
	GlobalSection(ProjectConfigurationPlatforms) = postSolution
		{4B7E2257-EC5F-4901-9D5E-D6664A6655DD}.Debug|Any CPU.ActiveCfg = Debug|Any CPU
		{4B7E2257-EC5F-4901-9D5E-D6664A6655DD}.Debug|Any CPU.Build.0 = Debug|Any CPU
		{4B7E2257-EC5F-4901-9D5E-D6664A6655DD}.Release|Any CPU.ActiveCfg = Release|Any CPU
		{4B7E2257-EC5F-4901-9D5E-D6664A6655DD}.Release|Any CPU.Build.0 = Release|Any CPU
		{A29B7AE0-E2F6-4F8E-A97A-4A96DD30D1FA}.Debug|Any CPU.ActiveCfg = Debug|Any CPU
		{A29B7AE0-E2F6-4F8E-A97A-4A96DD30D1FA}.Debug|Any CPU.Build.0 = Debug|Any CPU
		{A29B7AE0-E2F6-4F8E-A97A-4A96DD30D1FA}.Release|Any CPU.ActiveCfg = Release|Any CPU
		{A29B7AE0-E2F6-4F8E-A97A-4A96DD30D1FA}.Release|Any CPU.Build.0 = Release|Any CPU
		{2AC0BA26-6EAE-4C5B-BB78-9402B8E681CA}.Debug|Any CPU.ActiveCfg = Debug|Any CPU
		{2AC0BA26-6EAE-4C5B-BB78-9402B8E681CA}.Debug|Any CPU.Build.0 = Debug|Any CPU
		{2AC0BA26-6EAE-4C5B-BB78-9402B8E681CA}.Release|Any CPU.ActiveCfg = Release|Any CPU
		{2AC0BA26-6EAE-4C5B-BB78-9402B8E681CA}.Release|Any CPU.Build.0 = Release|Any CPU
		{6F3C8B20-C56F-436F-9B8E-FB63DAF03BE1}.Debug|Any CPU.ActiveCfg = Debug|Any CPU
		{6F3C8B20-C56F-436F-9B8E-FB63DAF03BE1}.Debug|Any CPU.Build.0 = Debug|Any CPU
		{6F3C8B20-C56F-436F-9B8E-FB63DAF03BE1}.Release|Any CPU.ActiveCfg = Release|Any CPU
		{6F3C8B20-C56F-436F-9B8E-FB63DAF03BE1}.Release|Any CPU.Build.0 = Release|Any CPU
		{0959908E-A8AD-4CE7-A6C9-FAF0317DBD5C}.Debug|Any CPU.ActiveCfg = Debug|Any CPU
		{0959908E-A8AD-4CE7-A6C9-FAF0317DBD5C}.Debug|Any CPU.Build.0 = Debug|Any CPU
		{0959908E-A8AD-4CE7-A6C9-FAF0317DBD5C}.Release|Any CPU.ActiveCfg = Release|Any CPU
		{0959908E-A8AD-4CE7-A6C9-FAF0317DBD5C}.Release|Any CPU.Build.0 = Release|Any CPU
		{5A9C15F5-9BE4-4B8D-9384-4CC33CC6D58B}.Debug|Any CPU.ActiveCfg = Debug|Any CPU
		{5A9C15F5-9BE4-4B8D-9384-4CC33CC6D58B}.Debug|Any CPU.Build.0 = Debug|Any CPU
		{5A9C15F5-9BE4-4B8D-9384-4CC33CC6D58B}.Release|Any CPU.ActiveCfg = Release|Any CPU
		{5A9C15F5-9BE4-4B8D-9384-4CC33CC6D58B}.Release|Any CPU.Build.0 = Release|Any CPU
		{5C1BC4C7-92BB-4ECF-B275-59B00BA71CD6}.Debug|Any CPU.ActiveCfg = Debug|Any CPU
		{5C1BC4C7-92BB-4ECF-B275-59B00BA71CD6}.Debug|Any CPU.Build.0 = Debug|Any CPU
		{5C1BC4C7-92BB-4ECF-B275-59B00BA71CD6}.Release|Any CPU.ActiveCfg = Release|Any CPU
		{5C1BC4C7-92BB-4ECF-B275-59B00BA71CD6}.Release|Any CPU.Build.0 = Release|Any CPU
		{6CB90D24-E6E8-474D-9A7F-448B8488ECD5}.Debug|Any CPU.ActiveCfg = Debug|Any CPU
		{6CB90D24-E6E8-474D-9A7F-448B8488ECD5}.Debug|Any CPU.Build.0 = Debug|Any CPU
		{6CB90D24-E6E8-474D-9A7F-448B8488ECD5}.Release|Any CPU.ActiveCfg = Release|Any CPU
		{6CB90D24-E6E8-474D-9A7F-448B8488ECD5}.Release|Any CPU.Build.0 = Release|Any CPU
		{8C2F0816-E35C-483E-B3D4-1A7A715401A1}.Debug|Any CPU.ActiveCfg = Debug|Any CPU
		{8C2F0816-E35C-483E-B3D4-1A7A715401A1}.Debug|Any CPU.Build.0 = Debug|Any CPU
		{8C2F0816-E35C-483E-B3D4-1A7A715401A1}.Release|Any CPU.ActiveCfg = Release|Any CPU
		{8C2F0816-E35C-483E-B3D4-1A7A715401A1}.Release|Any CPU.Build.0 = Release|Any CPU
		{E71B8AA1-52D6-4BCF-9072-307C09AC2EDA}.Debug|Any CPU.ActiveCfg = Debug|Any CPU
		{E71B8AA1-52D6-4BCF-9072-307C09AC2EDA}.Debug|Any CPU.Build.0 = Debug|Any CPU
		{E71B8AA1-52D6-4BCF-9072-307C09AC2EDA}.Release|Any CPU.ActiveCfg = Release|Any CPU
		{E71B8AA1-52D6-4BCF-9072-307C09AC2EDA}.Release|Any CPU.Build.0 = Release|Any CPU
		{36C39747-EC26-437E-AD4D-D5D69F8A9B7C}.Debug|Any CPU.ActiveCfg = Debug|Any CPU
		{36C39747-EC26-437E-AD4D-D5D69F8A9B7C}.Debug|Any CPU.Build.0 = Debug|Any CPU
		{36C39747-EC26-437E-AD4D-D5D69F8A9B7C}.Release|Any CPU.ActiveCfg = Release|Any CPU
		{36C39747-EC26-437E-AD4D-D5D69F8A9B7C}.Release|Any CPU.Build.0 = Release|Any CPU
		{BB616622-A7BC-4B13-B0B3-DEF11C5B3F7A}.Debug|Any CPU.ActiveCfg = Debug|Any CPU
		{BB616622-A7BC-4B13-B0B3-DEF11C5B3F7A}.Debug|Any CPU.Build.0 = Debug|Any CPU
		{BB616622-A7BC-4B13-B0B3-DEF11C5B3F7A}.Release|Any CPU.ActiveCfg = Release|Any CPU
		{BB616622-A7BC-4B13-B0B3-DEF11C5B3F7A}.Release|Any CPU.Build.0 = Release|Any CPU
		{73DE937D-A5F9-4922-9105-11F381A3C0DA}.Debug|Any CPU.ActiveCfg = Debug|Any CPU
		{73DE937D-A5F9-4922-9105-11F381A3C0DA}.Debug|Any CPU.Build.0 = Debug|Any CPU
		{73DE937D-A5F9-4922-9105-11F381A3C0DA}.Release|Any CPU.ActiveCfg = Release|Any CPU
		{73DE937D-A5F9-4922-9105-11F381A3C0DA}.Release|Any CPU.Build.0 = Release|Any CPU
		{F4139EE9-2A7E-4997-AAE5-39735130D1BA}.Debug|Any CPU.ActiveCfg = Debug|Any CPU
		{F4139EE9-2A7E-4997-AAE5-39735130D1BA}.Debug|Any CPU.Build.0 = Debug|Any CPU
		{F4139EE9-2A7E-4997-AAE5-39735130D1BA}.Release|Any CPU.ActiveCfg = Release|Any CPU
		{F4139EE9-2A7E-4997-AAE5-39735130D1BA}.Release|Any CPU.Build.0 = Release|Any CPU
		{7A0C202D-2EF9-497F-A207-231D34D778DF}.Debug|Any CPU.ActiveCfg = Debug|Any CPU
		{7A0C202D-2EF9-497F-A207-231D34D778DF}.Debug|Any CPU.Build.0 = Debug|Any CPU
		{7A0C202D-2EF9-497F-A207-231D34D778DF}.Release|Any CPU.ActiveCfg = Release|Any CPU
		{7A0C202D-2EF9-497F-A207-231D34D778DF}.Release|Any CPU.Build.0 = Release|Any CPU
		{9DD357A0-337D-4B7C-893C-82B643A8F11D}.Debug|Any CPU.ActiveCfg = Debug|Any CPU
		{9DD357A0-337D-4B7C-893C-82B643A8F11D}.Debug|Any CPU.Build.0 = Debug|Any CPU
		{9DD357A0-337D-4B7C-893C-82B643A8F11D}.Release|Any CPU.ActiveCfg = Release|Any CPU
		{9DD357A0-337D-4B7C-893C-82B643A8F11D}.Release|Any CPU.Build.0 = Release|Any CPU
		{F1754592-1BF1-4B87-A623-91860DAD6398}.Debug|Any CPU.ActiveCfg = Debug|Any CPU
		{F1754592-1BF1-4B87-A623-91860DAD6398}.Debug|Any CPU.Build.0 = Debug|Any CPU
		{F1754592-1BF1-4B87-A623-91860DAD6398}.Release|Any CPU.ActiveCfg = Release|Any CPU
		{F1754592-1BF1-4B87-A623-91860DAD6398}.Release|Any CPU.Build.0 = Release|Any CPU
		{73D981D3-97E7-482B-869E-12C78E92E2C0}.Debug|Any CPU.ActiveCfg = Debug|Any CPU
		{73D981D3-97E7-482B-869E-12C78E92E2C0}.Debug|Any CPU.Build.0 = Debug|Any CPU
		{73D981D3-97E7-482B-869E-12C78E92E2C0}.Release|Any CPU.ActiveCfg = Release|Any CPU
		{73D981D3-97E7-482B-869E-12C78E92E2C0}.Release|Any CPU.Build.0 = Release|Any CPU
		{08047B0E-DA7A-440C-AA48-04806D4D818F}.Debug|Any CPU.ActiveCfg = Debug|Any CPU
		{08047B0E-DA7A-440C-AA48-04806D4D818F}.Debug|Any CPU.Build.0 = Debug|Any CPU
		{08047B0E-DA7A-440C-AA48-04806D4D818F}.Release|Any CPU.ActiveCfg = Release|Any CPU
		{08047B0E-DA7A-440C-AA48-04806D4D818F}.Release|Any CPU.Build.0 = Release|Any CPU
		{C52C5A81-2AF1-415B-94B1-58E6E719E1DE}.Debug|Any CPU.ActiveCfg = Debug|Any CPU
		{C52C5A81-2AF1-415B-94B1-58E6E719E1DE}.Debug|Any CPU.Build.0 = Debug|Any CPU
		{C52C5A81-2AF1-415B-94B1-58E6E719E1DE}.Release|Any CPU.ActiveCfg = Release|Any CPU
		{C52C5A81-2AF1-415B-94B1-58E6E719E1DE}.Release|Any CPU.Build.0 = Release|Any CPU
	EndGlobalSection
	GlobalSection(SolutionProperties) = preSolution
		HideSolutionNode = FALSE
	EndGlobalSection
	GlobalSection(ExtensibilityGlobals) = postSolution
		SolutionGuid = {35B72BB9-6BBA-4DAE-B06A-4D064F26E6DC}
	EndGlobalSection
EndGlobal
